{
  "version": "4",
  "specifiers": {
    "jsr:@std/fs@^1.0.19": "1.0.19",
    "jsr:@std/internal@^1.0.10": "1.0.10",
    "jsr:@std/internal@^1.0.9": "1.0.10",
    "jsr:@std/path@^1.1.1": "1.1.2",
    "jsr:@std/path@^1.1.2": "1.1.2"
  },
  "jsr": {
    "@std/fs@1.0.19": {
      "integrity": "051968c2b1eae4d2ea9f79a08a3845740ef6af10356aff43d3e2ef11ed09fb06",
      "dependencies": [
        "jsr:@std/internal@^1.0.9",
        "jsr:@std/path@^1.1.1"
      ]
    },
    "@std/internal@1.0.10": {
      "integrity": "e3be62ce42cab0e177c27698e5d9800122f67b766a0bea6ca4867886cbde8cf7"
    },
    "@std/path@1.1.2": {
      "integrity": "c0b13b97dfe06546d5e16bf3966b1cadf92e1cc83e56ba5476ad8b498d9e3038",
      "dependencies": [
        "jsr:@std/internal@^1.0.10"
      ]
    }
  },
  "remote": {
    "https://deno.land/std@0.123.0/_util/assert.ts": "2f868145a042a11d5ad0a3c748dcf580add8a0dbc0e876eaa0026303a5488f58",
    "https://deno.land/std@0.123.0/_util/os.ts": "dfb186cc4e968c770ab6cc3288bd65f4871be03b93beecae57d657232ecffcac",
    "https://deno.land/std@0.123.0/fmt/colors.ts": "8368ddf2d48dfe413ffd04cdbb7ae6a1009cf0dccc9c7ff1d76259d9c61a0621",
    "https://deno.land/std@0.123.0/fs/walk.ts": "705c210c736978731bd50bea0880bcf41bac48d29bca417c2534b1835e455756",
    "https://deno.land/std@0.123.0/path/_constants.ts": "1247fee4a79b70c89f23499691ef169b41b6ccf01887a0abd131009c5581b853",
    "https://deno.land/std@0.123.0/path/_interface.ts": "1fa73b02aaa24867e481a48492b44f2598cd9dfa513c7b34001437007d3642e4",
    "https://deno.land/std@0.123.0/path/_util.ts": "2e06a3b9e79beaf62687196bd4b60a4c391d862cfa007a20fc3a39f778ba073b",
    "https://deno.land/std@0.123.0/path/common.ts": "f41a38a0719a1e85aa11c6ba3bea5e37c15dd009d705bd8873f94c833568cbc4",
    "https://deno.land/std@0.123.0/path/glob.ts": "7bf2349e818e332a830f3d8874c3f45dd7580b6c742ed50dbf6282d84ab18405",
    "https://deno.land/std@0.123.0/path/mod.ts": "4465dc494f271b02569edbb4a18d727063b5dbd6ed84283ff906260970a15d12",
    "https://deno.land/std@0.123.0/path/posix.ts": "34349174b9cd121625a2810837a82dd8b986bbaaad5ade690d1de75bbb4555b2",
    "https://deno.land/std@0.123.0/path/separator.ts": "8fdcf289b1b76fd726a508f57d3370ca029ae6976fcde5044007f062e643ff1c",
    "https://deno.land/std@0.123.0/path/win32.ts": "11549e8c6df8307a8efcfa47ad7b2a75da743eac7d4c89c9723a944661c8bd2e",
    "https://deno.land/x/drake@v1.5.1/lib/deps.ts": "5df9314641116dcecb7302f6044826b6be1f3c852244356b801f629289fb578b",
    "https://deno.land/x/drake@v1.5.1/lib/env.ts": "da778937e58d4a6e552d5f3cea11a3527dcf63fa1f18a756bed7611c25a7060e",
    "https://deno.land/x/drake@v1.5.1/lib/graph.ts": "f953e904d4bdcbf3783bdf687cb11ca449003395698a0dea3f2fcedcd2a3fe39",
    "https://deno.land/x/drake@v1.5.1/lib/help.ts": "d0ee8d081bf4f2d28c7aa71850be94cd9c8eea857ed231eada7b036f798cc383",
    "https://deno.land/x/drake@v1.5.1/lib/registry.ts": "13906efa735f0fd03f38b3a1fdcb50d7d432306416a9d3212203dafa1999b9d8",
    "https://deno.land/x/drake@v1.5.1/lib/tasks.ts": "4da700366fe15881c665e90d1668b60aafe0af2e0c8d10c2a48739986f971fcc",
    "https://deno.land/x/drake@v1.5.1/lib/utils.ts": "55e56f4f0fb119374ae063a907e2bbe325443f6ea9f88408612ac619ac617fdc",
    "https://deno.land/x/drake@v1.5.1/mod.ts": "56d43e13b0c80dbb473944b5554567592299bba228947c6b3c9dc0f68a217d74"
  },
  "workspace": {
    "dependencies": [
      "jsr:@std/fs@^1.0.19",
      "jsr:@std/path@^1.1.2"
    ]
  }
}
